
Microsoft Visual Studio Solution File, Format Version 12.00
# Visual Studio Version 16
VisualStudioVersion = 16.0.29009.5
MinimumVisualStudioVersion = 10.0.40219.1
Project("{FAE04EC0-301F-11D3-BF4B-00C04F79EFBC}") = "Sinema", "Sinema\Sinema.csproj", "{DADAF659-DFBE-4C6E-AB5F-FDF6BA963679}"
EndProject
Global
	GlobalSection(SolutionConfigurationPlatforms) = preSolution
		Debug|Any CPU = Debug|Any CPU
		Release|Any CPU = Release|Any CPU
	EndGlobalSection
	GlobalSection(ProjectConfigurationPlatforms) = postSolution
		{DADAF659-DFBE-4C6E-AB5F-FDF6BA963679}.Debug|Any CPU.ActiveCfg = Debug|Any CPU
		{DADAF659-DFBE-4C6E-AB5F-FDF6BA963679}.Debug|Any CPU.Build.0 = Debug|Any CPU
		{DADAF659-DFBE-4C6E-AB5F-FDF6BA963679}.Release|Any CPU.ActiveCfg = Release|Any CPU
		{DADAF659-DFBE-4C6E-AB5F-FDF6BA963679}.Release|Any CPU.Build.0 = Release|Any CPU
	EndGlobalSection
	GlobalSection(SolutionProperties) = preSolution
		HideSolutionNode = FALSE
	EndGlobalSection
	GlobalSection(ExtensibilityGlobals) = postSolution
		SolutionGuid = {75A2DE70-6CAC-4EDD-8482-FB1971EB178B}
	EndGlobalSection
EndGlobal
